<?xml version="1.0" encoding="utf-8"?>
<Project ToolsVersion="4.0" xmlns="http://schemas.microsoft.com/developer/msbuild/2003">
  <ItemGroup>
    <ClCompile Include="ActiveMQ.cpp">
      <Filter>Source Files</Filter>
    </ClCompile>
    <ClCompile Include="Datarefs.cpp">
      <Filter>Source Files</Filter>
    </ClCompile>
    <ClCompile Include="Ditto_ActiveMQ.cpp">
      <Filter>Source Files</Filter>
    </ClCompile>
    <ClCompile Include="Utility.cpp">
      <Filter>Source Files</Filter>
    </ClCompile>
    <ClCompile Include="PublishDataref.cpp">
      <Filter>Source Files</Filter>
    </ClCompile>
    <ClCompile Include="SubscribeDataref.cpp" />
  </ItemGroup>
  <ItemGroup>
    <ClInclude Include="ActiveMQ.h">
      <Filter>Header Files</Filter>
    </ClInclude>
    <ClInclude Include="Datarefs.h">
      <Filter>Header Files</Filter>
    </ClInclude>
    <ClInclude Include="Utility.h">
      <Filter>Header Files</Filter>
    </ClInclude>
    <ClInclude Include="Ditto_ActiveMQ.h">
      <Filter>Header Files</Filter>
    </ClInclude>
    <ClInclude Include="PublishDataref.h">
      <Filter>Header Files</Filter>
    </ClInclude>
    <ClInclude Include="SubscribeDataref.h" />
  </ItemGroup>
  <ItemGroup>
    <Filter Include="Header Files">
      <UniqueIdentifier>{b3b8198d-abee-4a8d-9c31-45e240395bdf}</UniqueIdentifier>
    </Filter>
    <Filter Include="Source Files">
      <UniqueIdentifier>{bea45daa-3e74-4d77-a990-1067ce0cb339}</UniqueIdentifier>
    </Filter>
  </ItemGroup>
</Project>